github.com/antithesishq/antithesis-sdk-go v0.7.0 h1:uWDG8BqLD1lI2ps38WDz2vXflrTX2+vLX0SvZtztJtE=
github.com/antithesishq/antithesis-sdk-go v0.7.0/go.mod h1:FQyySiasQQM8735Ddel3MRojmy4dA1IqCeyJ5jmPMbI=
github.com/choria-io/fisk v0.9.0 h1:3E0JVSXKbFTMykCf4vcrFsr86agEzfaR937EuGZUMBY=
github.com/choria-io/fisk v0.9.0/go.mod h1:3pAWCPh73bUYoZ8k9fd0UbuWRlxEBayiKMAIQsiKtVo=
github.com/clipperhouse/uax29/v2 v2.7.0 h1:+gs4oBZ2gPfVrKPthwbMzWZDaAFPGYK72F0NJv2v7Vk=
github.com/clipperhouse/uax29/v2 v2.7.0/go.mod h1:EFJ2TJMRUaplDxHKj1qAEhCtQPW2tJSwu5BF98AuoVM=
github.com/davecgh/go-spew v1.1.1 h1:vj9j/u1bqnvCEfJOwUhtlOARqs3+rkHYY13jYWTU97c=
github.com/davecgh/go-spew v1.1.1/go.mod h1:J7Y8YcW2NihsgmVo/mv3lAwl/skON4iLHjSsI+c5H38=
github.com/dustin/go-humanize v1.0.1 h1:GzkhY7T5VNhEkwH0PVJgjz+fX1rhBrR7pRT3mDkpeCY=
github.com/dustin/go-humanize v1.0.1/go.mod h1:Mu1zIs6XwVuF/gI1OepvI0qD18qycQx+mFykh5fBlto=
github.com/google/go-cmp v0.7.0 h1:wk8382ETsv4JYUZwIsn6YpYiWiBsYLSJiTsyBybVuN8=
github.com/google/go-cmp v0.7.0/go.mod h1:pXiqmnSA92OHEEa9HXL2W4E7lf9JzCmGVUdgjX3N/iU=
github.com/google/go-tpm v0.9.8 h1:slArAR9Ft+1ybZu0lBwpSmpwhRXaa85hWtMinMyRAWo=
github.com/google/go-tpm v0.9.8/go.mod h1:h9jEsEECg7gtLis0upRBQU+GhYVH6jMjrFxI8u6bVUY=
github.com/jedib0t/go-pretty/v6 v6.8.1 h1:0fkCNhjrX0zPpwkWaDYU5VMrygg41Tu197mWILIJoqQ=
github.com/jedib0t/go-pretty/v6 v6.8.1/go.mod h1:YwC5CE4fJ1HFUDeivSV1r//AmANFHyqczZk+U6BDALU=
github.com/klauspost/compress v1.18.6 h1:2jupLlAwFm95+YDR+NwD2MEfFO9d4z4Prjl1XXDjuao=
github.com/klauspost/compress v1.18.6/go.mod h1:cwPg85FWrGar70rWktvGQj8/hthj3wpl0PGDogxkrSQ=
github.com/kr/pretty v0.3.1 h1:flRD4NNwYAUpkphVc1HcthR4KEIFJ65n8Mw5qdRn3LE=
github.com/kr/pretty v0.3.1/go.mod h1:hoEshYVHaxMs3cyo3Yncou5ZscifuDolrwPKZanG3xk=
github.com/kr/text v0.2.0 h1:5Nx0Ya0ZqY2ygV366QzturHI13Jq95ApcVaJBhpS+AY=
github.com/kr/text v0.2.0/go.mod h1:eLer722TekiGuMkidMxC/pM04lWEeraHUUmBw8l2grE=
github.com/mattn/go-runewidth v0.0.23 h1:7ykA0T0jkPpzSvMS5i9uoNn2Xy3R383f9HDx3RybWcw=
github.com/mattn/go-runewidth v0.0.23/go.mod h1:XBkDxAl56ILZc9knddidhrOlY5R/pDhgLpndooCuJAs=
github.com/minio/highwayhash v1.0.4 h1:asJizugGgchQod2ja9NJlGOWq4s7KsAWr5XUc9Clgl4=
github.com/minio/highwayhash v1.0.4/go.mod h1:GGYsuwP/fPD6Y9hMiXuapVvlIUEhFhMTh0rxU3ik1LQ=
github.com/nats-io/jsm.go v0.4.1 h1:hT0Ksd8Jk5wg9uZKiM5EMAJwSoC8zAu1ivPVB5UA9cI=
github.com/nats-io/jsm.go v0.4.1/go.mod h1:rWdrAnJSsCBjjeGbkSvMCB17oPTn+A5kXidixqn0M/E=
github.com/nats-io/jwt/v2 v2.8.2 h1:XXRgB60MSTnqsRwejQurVDs/hcv2dkt+86GjI+I/bMc=
github.com/nats-io/jwt/v2 v2.8.2/go.mod h1:Ag/56sq9OblL4JgdYufDd16Egb17Kr/8WwwuO/forVc=
github.com/nats-io/nats-server/v2 v2.14.2 h1:Q7dRhCY03Y00rETFW3KV+KGaCIajlDfWgWUVgbMxyuk=
github.com/nats-io/nats-server/v2 v2.14.2/go.mod h1:lWpb1bSpRELZfRdlMkdz8E7lbXKKyNe8RIn0vvepIHs=
github.com/nats-io/nats.go v1.52.0 h1:n3avV4VBsCgsdwh71TppsTwtv+QdPs7ntSKM8qJLGsc=
github.com/nats-io/nats.go v1.52.0/go.mod h1:26HypzazeOkyO3/mqd1zZd53STJN0EjCYF9Uy2ZOBno=
github.com/nats-io/natscli v0.4.0 h1:TVNhf1cV1xKS21OknR/7jBvO1PP4yynRqI9Si31AEk8=
github.com/nats-io/natscli v0.4.0/go.mod h1:6NPu8au6h6p/9z55H6cltGu1CpeznjCxcIj1tYPkxqo=
github.com/nats-io/nkeys v0.4.16 h1:rd5oAuLOb8mnAycB0xleuEBNS1pVVnN0fv/FF34Eypg=
github.com/nats-io/nkeys v0.4.16/go.mod h1:llLgWoI0o4z/Q57q2R1kHfmocyhGV6VG/U18Glg1Afs=
github.com/nats-io/nuid v1.0.1 h1:5iA8DT8V7q8WK2EScv2padNa/rTESc1KdnPw4TC2paw=
github.com/nats-io/nuid v1.0.1/go.mod h1:19wcPz3Ph3q0Jbyiqsd0kePYG7A95tJPxeL+1OSON2c=
github.com/onsi/gomega v1.42.0 h1:CJby8u36xb7v34W78F8WKvqTQP7PCMIPB78IVDB73l4=
github.com/onsi/gomega v1.42.0/go.mod h1:M/Uqpu/8qTjtzCLUA2zJHX9Iilrau25x1PdoSRbWh5A=
github.com/pmezard/go-difflib v1.0.0 h1:4DBwDE0NGyQoBHbLQYPwSUPoCMWR5BEzIk/f1lZbAQM=
github.com/pmezard/go-difflib v1.0.0/go.mod h1:iKH77koFhYxTK1pcRnkKkqfTogsbg7gZNVY4sRDYZ/4=
github.com/rogpeppe/go-internal v1.13.1 h1:KvO1DLK/DRN07sQ1LQKScxyZJuNnedQ5/wKSR38lUII=
github.com/rogpeppe/go-internal v1.13.1/go.mod h1:uMEvuHeurkdAXX61udpOXGD/AzZDWNMNyH2VO9fmH0o=
github.com/santhosh-tekuri/jsonschema/v5 v5.3.1 h1:lZUw3E0/J3roVtGQ+SCrUrg3ON6NgVqpn3+iol9aGu4=
github.com/santhosh-tekuri/jsonschema/v5 v5.3.1/go.mod h1:uToXkOrWAZ6/Oc07xWQrPOhJotwFIyu2bBVN41fcDUY=
github.com/stretchr/testify v1.11.1 h1:7s2iGBzp5EwR7/aIZr8ao5+dra3wiQyKjjFuvgVKu7U=
github.com/stretchr/testify v1.11.1/go.mod h1:wZwfW3scLgRK+23gO65QZefKpKQRnfz6sD981Nm4B6U=
github.com/tidwall/gjson v1.19.0 h1:xwxm7n691Uf3u5OFjzngavjGTh55KX5q/9w9xHW88JU=
github.com/tidwall/gjson v1.19.0/go.mod h1:V37/opeE/JbLUOfH0QTXiNez2l0RUjYUhpT4szFQAfc=
github.com/tidwall/match v1.2.0 h1:0pt8FlkOwjN2fPt4bIl4BoNxb98gGHN2ObFEDkrfZnM=
github.com/tidwall/match v1.2.0/go.mod h1:eRSPERbgtNPcGhD8UCthc6PmLEQXEWd3PRB5JTxsfmM=
github.com/tidwall/pretty v1.2.1 h1:qjsOFOWWQl+N3RsoF5/ssm1pHmJJwhjlSbZ51I6wMl4=
github.com/tidwall/pretty v1.2.1/go.mod h1:ITEVvHYasfjBbM0u2Pg8T2nJnzm8xPwvNhhsoaGGjNU=
go.yaml.in/yaml/v3 v3.0.4 h1:tfq32ie2Jv2UxXFdLJdh3jXuOzWiL1fo0bu/FbuKpbc=
go.yaml.in/yaml/v3 v3.0.4/go.mod h1:DhzuOOF2ATzADvBadXxruRBLzYTpT36CKvDb3+aBEFg=
golang.org/x/crypto v0.53.0 h1:QZ4Muo8THX6CizN2vPPd5fBGHyogrdK9fG4wLPFUsto=
golang.org/x/crypto v0.53.0/go.mod h1:DNLU434OwVakk9PzuwV8w62mAJpRJL3vsgcfp4Qnsio=
golang.org/x/net v0.56.0 h1:Rw8j/hFzGvJUZwNBXnAtf5sVDVt+65SK2C7IxCxZt5o=
golang.org/x/net v0.56.0/go.mod h1:D3Ku6r+V6JROoZK144D2XfMHFcMq/0zSfLelVTCFKec=
golang.org/x/sys v0.21.0/go.mod h1:/VUhepiaJMQUp4+oa/7Zr1D23ma6VTLIYjOOTFZPUcA=
golang.org/x/sys v0.46.0 h1:noSf2Fq6F8DBgS+LysIkx7rIExoNHJsxOAtPp4rthXw=
golang.org/x/sys v0.46.0/go.mod h1:4GL1E5IUh+htKOUEOaiffhrAeqysfVGipDYzABqnCmw=
golang.org/x/term v0.44.0 h1:0rLvDRCtNj0gZkyIXhCyOb2OAzEhLVqc4B+hrsBhrmc=
golang.org/x/term v0.44.0/go.mod h1:7ze4MdzUzLXpSAoFP1H0bOI9aXDqveSvatT5vKcFh2Y=
golang.org/x/text v0.38.0 h1:sXmwo9DwP3OK9EZ7PqAdaooSGozfl/3a6/xJcbzPRhE=
golang.org/x/text v0.38.0/go.mod h1:YXZt3QhHUKYT53r2lLKFIVi6Ao1jdzrTR/KQ09qyxF4=
golang.org/x/time v0.15.0 h1:bbrp8t3bGUeFOx08pvsMYRTCVSMk89u4tKbNOZbp88U=
golang.org/x/time v0.15.0/go.mod h1:Y4YMaQmXwGQZoFaVFk4YpCt4FLQMYKZe9oeV/f4MSno=
gopkg.in/check.v1 v0.0.0-20161208181325-20d25e280405/go.mod h1:Co6ibVJAznAaIkqp8huTwlJQCZ016jof/cbN4VW5Yz0=
gopkg.in/check.v1 v1.0.0-20180628173108-788fd7840127 h1:qIbj1fsPNlZgppZ+VLlY7N33q108Sa+fhmuc+sWQYwY=
gopkg.in/check.v1 v1.0.0-20180628173108-788fd7840127/go.mod h1:Co6ibVJAznAaIkqp8huTwlJQCZ016jof/cbN4VW5Yz0=
gopkg.in/yaml.v3 v3.0.1 h1:fxVm/GzAzEWqLHuvctI91KS9hhNmmWOoWu0XTYJS7CA=
gopkg.in/yaml.v3 v3.0.1/go.mod h1:K4uyk7z7BCEPqu6E+C64Yfv1cQ7kz7rIZviUmN+EgEM=
